
Microsoft Visual Studio Solution File, Format Version 12.00
# Visual Studio Version 17
VisualStudioVersion = 17.1.32210.238
MinimumVisualStudioVersion = 10.0.40219.1
Project("{8BC9CEB8-8B4A-11D0-8D11-00A0C91BC942}") = "PP01", "PP01\PP01.vcxproj", "{D878122C-1F38-4DA5-90AE-E508AAB263D8}"
EndProject
Project("{8BC9CEB8-8B4A-11D0-8D11-00A0C91BC942}") = "PP02", "PP02\PP02.vcxproj", "{1787C56C-F177-4EAB-AAF6-DD998539C08F}"
EndProject
Project("{8BC9CEB8-8B4A-11D0-8D11-00A0C91BC942}") = "PP03", "PP03\PP03.vcxproj", "{038D348F-C9A9-47B5-9628-0272B194B4F1}"
EndProject
Project("{8BC9CEB8-8B4A-11D0-8D11-00A0C91BC942}") = "PP04", "PP04\PP04.vcxproj", "{4BF6061F-DFAC-42C8-9483-DF5705B9CC8F}"
EndProject
Project("{8BC9CEB8-8B4A-11D0-8D11-00A0C91BC942}") = "PP05", "PP05\PP05.vcxproj", "{BA0EB949-1583-4345-AC23-4276F357AEAA}"
EndProject
Project("{8BC9CEB8-8B4A-11D0-8D11-00A0C91BC942}") = "PP06", "PP06\PP06.vcxproj", "{7CE9AC62-B8A4-4A1D-BEA3-B4A378FDB9F7}"
EndProject
Project("{8BC9CEB8-8B4A-11D0-8D11-00A0C91BC942}") = "PP07", "PP07\PP07.vcxproj", "{BB532061-AE2A-46AA-84F9-04BB179FCCF1}"
EndProject
Project("{8BC9CEB8-8B4A-11D0-8D11-00A0C91BC942}") = "PP08", "PP08\PP08.vcxproj", "{0A5CF367-5784-40B0-8282-17E77C3FFA75}"
EndProject
Project("{8BC9CEB8-8B4A-11D0-8D11-00A0C91BC942}") = "PP08_2", "PP08_2\PP08_2.vcxproj", "{6AE5626E-3E56-426E-AF33-DC47512BF8C1}"
EndProject
Project("{8BC9CEB8-8B4A-11D0-8D11-00A0C91BC942}") = "PP09", "PP09\PP09.vcxproj", "{931AAE13-6063-4B69-8E42-CCC2B6E6D911}"
EndProject
Project("{8BC9CEB8-8B4A-11D0-8D11-00A0C91BC942}") = "PP11", "PP11\PP11.vcxproj", "{0B6466BC-C858-4F61-B842-7857361BB632}"
EndProject
Global
	GlobalSection(SolutionConfigurationPlatforms) = preSolution
		Debug|x64 = Debug|x64
		Debug|x86 = Debug|x86
		Release|x64 = Release|x64
		Release|x86 = Release|x86
	EndGlobalSection
	GlobalSection(ProjectConfigurationPlatforms) = postSolution
		{D878122C-1F38-4DA5-90AE-E508AAB263D8}.Debug|x64.ActiveCfg = Debug|x64
		{D878122C-1F38-4DA5-90AE-E508AAB263D8}.Debug|x64.Build.0 = Debug|x64
		{D878122C-1F38-4DA5-90AE-E508AAB263D8}.Debug|x86.ActiveCfg = Debug|Win32
		{D878122C-1F38-4DA5-90AE-E508AAB263D8}.Debug|x86.Build.0 = Debug|Win32
		{D878122C-1F38-4DA5-90AE-E508AAB263D8}.Release|x64.ActiveCfg = Release|x64
		{D878122C-1F38-4DA5-90AE-E508AAB263D8}.Release|x64.Build.0 = Release|x64
		{D878122C-1F38-4DA5-90AE-E508AAB263D8}.Release|x86.ActiveCfg = Release|Win32
		{D878122C-1F38-4DA5-90AE-E508AAB263D8}.Release|x86.Build.0 = Release|Win32
		{1787C56C-F177-4EAB-AAF6-DD998539C08F}.Debug|x64.ActiveCfg = Debug|x64
		{1787C56C-F177-4EAB-AAF6-DD998539C08F}.Debug|x64.Build.0 = Debug|x64
		{1787C56C-F177-4EAB-AAF6-DD998539C08F}.Debug|x86.ActiveCfg = Debug|Win32
		{1787C56C-F177-4EAB-AAF6-DD998539C08F}.Debug|x86.Build.0 = Debug|Win32
		{1787C56C-F177-4EAB-AAF6-DD998539C08F}.Release|x64.ActiveCfg = Release|x64
		{1787C56C-F177-4EAB-AAF6-DD998539C08F}.Release|x64.Build.0 = Release|x64
		{1787C56C-F177-4EAB-AAF6-DD998539C08F}.Release|x86.ActiveCfg = Release|Win32
		{1787C56C-F177-4EAB-AAF6-DD998539C08F}.Release|x86.Build.0 = Release|Win32
		{038D348F-C9A9-47B5-9628-0272B194B4F1}.Debug|x64.ActiveCfg = Debug|x64
		{038D348F-C9A9-47B5-9628-0272B194B4F1}.Debug|x64.Build.0 = Debug|x64
		{038D348F-C9A9-47B5-9628-0272B194B4F1}.Debug|x86.ActiveCfg = Debug|Win32
		{038D348F-C9A9-47B5-9628-0272B194B4F1}.Debug|x86.Build.0 = Debug|Win32
		{038D348F-C9A9-47B5-9628-0272B194B4F1}.Release|x64.ActiveCfg = Release|x64
		{038D348F-C9A9-47B5-9628-0272B194B4F1}.Release|x64.Build.0 = Release|x64
		{038D348F-C9A9-47B5-9628-0272B194B4F1}.Release|x86.ActiveCfg = Release|Win32
		{038D348F-C9A9-47B5-9628-0272B194B4F1}.Release|x86.Build.0 = Release|Win32
		{4BF6061F-DFAC-42C8-9483-DF5705B9CC8F}.Debug|x64.ActiveCfg = Debug|x64
		{4BF6061F-DFAC-42C8-9483-DF5705B9CC8F}.Debug|x64.Build.0 = Debug|x64
		{4BF6061F-DFAC-42C8-9483-DF5705B9CC8F}.Debug|x86.ActiveCfg = Debug|Win32
		{4BF6061F-DFAC-42C8-9483-DF5705B9CC8F}.Debug|x86.Build.0 = Debug|Win32
		{4BF6061F-DFAC-42C8-9483-DF5705B9CC8F}.Release|x64.ActiveCfg = Release|x64
		{4BF6061F-DFAC-42C8-9483-DF5705B9CC8F}.Release|x64.Build.0 = Release|x64
		{4BF6061F-DFAC-42C8-9483-DF5705B9CC8F}.Release|x86.ActiveCfg = Release|Win32
		{4BF6061F-DFAC-42C8-9483-DF5705B9CC8F}.Release|x86.Build.0 = Release|Win32
		{BA0EB949-1583-4345-AC23-4276F357AEAA}.Debug|x64.ActiveCfg = Debug|x64
		{BA0EB949-1583-4345-AC23-4276F357AEAA}.Debug|x64.Build.0 = Debug|x64
		{BA0EB949-1583-4345-AC23-4276F357AEAA}.Debug|x86.ActiveCfg = Debug|Win32
		{BA0EB949-1583-4345-AC23-4276F357AEAA}.Debug|x86.Build.0 = Debug|Win32
		{BA0EB949-1583-4345-AC23-4276F357AEAA}.Release|x64.ActiveCfg = Release|x64
		{BA0EB949-1583-4345-AC23-4276F357AEAA}.Release|x64.Build.0 = Release|x64
		{BA0EB949-1583-4345-AC23-4276F357AEAA}.Release|x86.ActiveCfg = Release|Win32
		{BA0EB949-1583-4345-AC23-4276F357AEAA}.Release|x86.Build.0 = Release|Win32
		{7CE9AC62-B8A4-4A1D-BEA3-B4A378FDB9F7}.Debug|x64.ActiveCfg = Debug|x64
		{7CE9AC62-B8A4-4A1D-BEA3-B4A378FDB9F7}.Debug|x64.Build.0 = Debug|x64
		{7CE9AC62-B8A4-4A1D-BEA3-B4A378FDB9F7}.Debug|x86.ActiveCfg = Debug|Win32
		{7CE9AC62-B8A4-4A1D-BEA3-B4A378FDB9F7}.Debug|x86.Build.0 = Debug|Win32
		{7CE9AC62-B8A4-4A1D-BEA3-B4A378FDB9F7}.Release|x64.ActiveCfg = Release|x64
		{7CE9AC62-B8A4-4A1D-BEA3-B4A378FDB9F7}.Release|x64.Build.0 = Release|x64
		{7CE9AC62-B8A4-4A1D-BEA3-B4A378FDB9F7}.Release|x86.ActiveCfg = Release|Win32
		{7CE9AC62-B8A4-4A1D-BEA3-B4A378FDB9F7}.Release|x86.Build.0 = Release|Win32
		{BB532061-AE2A-46AA-84F9-04BB179FCCF1}.Debug|x64.ActiveCfg = Debug|x64
		{BB532061-AE2A-46AA-84F9-04BB179FCCF1}.Debug|x64.Build.0 = Debug|x64
		{BB532061-AE2A-46AA-84F9-04BB179FCCF1}.Debug|x86.ActiveCfg = Debug|Win32
		{BB532061-AE2A-46AA-84F9-04BB179FCCF1}.Debug|x86.Build.0 = Debug|Win32
		{BB532061-AE2A-46AA-84F9-04BB179FCCF1}.Release|x64.ActiveCfg = Release|x64
		{BB532061-AE2A-46AA-84F9-04BB179FCCF1}.Release|x64.Build.0 = Release|x64
		{BB532061-AE2A-46AA-84F9-04BB179FCCF1}.Release|x86.ActiveCfg = Release|Win32
		{BB532061-AE2A-46AA-84F9-04BB179FCCF1}.Release|x86.Build.0 = Release|Win32
		{0A5CF367-5784-40B0-8282-17E77C3FFA75}.Debug|x64.ActiveCfg = Debug|x64
		{0A5CF367-5784-40B0-8282-17E77C3FFA75}.Debug|x64.Build.0 = Debug|x64
		{0A5CF367-5784-40B0-8282-17E77C3FFA75}.Debug|x86.ActiveCfg = Debug|Win32
		{0A5CF367-5784-40B0-8282-17E77C3FFA75}.Debug|x86.Build.0 = Debug|Win32
		{0A5CF367-5784-40B0-8282-17E77C3FFA75}.Release|x64.ActiveCfg = Release|x64
		{0A5CF367-5784-40B0-8282-17E77C3FFA75}.Release|x64.Build.0 = Release|x64
		{0A5CF367-5784-40B0-8282-17E77C3FFA75}.Release|x86.ActiveCfg = Release|Win32
		{0A5CF367-5784-40B0-8282-17E77C3FFA75}.Release|x86.Build.0 = Release|Win32
		{6AE5626E-3E56-426E-AF33-DC47512BF8C1}.Debug|x64.ActiveCfg = Debug|x64
		{6AE5626E-3E56-426E-AF33-DC47512BF8C1}.Debug|x64.Build.0 = Debug|x64
		{6AE5626E-3E56-426E-AF33-DC47512BF8C1}.Debug|x86.ActiveCfg = Debug|Win32
		{6AE5626E-3E56-426E-AF33-DC47512BF8C1}.Debug|x86.Build.0 = Debug|Win32
		{6AE5626E-3E56-426E-AF33-DC47512BF8C1}.Release|x64.ActiveCfg = Release|x64
		{6AE5626E-3E56-426E-AF33-DC47512BF8C1}.Release|x64.Build.0 = Release|x64
		{6AE5626E-3E56-426E-AF33-DC47512BF8C1}.Release|x86.ActiveCfg = Release|Win32
		{6AE5626E-3E56-426E-AF33-DC47512BF8C1}.Release|x86.Build.0 = Release|Win32
		{931AAE13-6063-4B69-8E42-CCC2B6E6D911}.Debug|x64.ActiveCfg = Debug|x64
		{931AAE13-6063-4B69-8E42-CCC2B6E6D911}.Debug|x64.Build.0 = Debug|x64
		{931AAE13-6063-4B69-8E42-CCC2B6E6D911}.Debug|x86.ActiveCfg = Debug|Win32
		{931AAE13-6063-4B69-8E42-CCC2B6E6D911}.Debug|x86.Build.0 = Debug|Win32
		{931AAE13-6063-4B69-8E42-CCC2B6E6D911}.Release|x64.ActiveCfg = Release|x64
		{931AAE13-6063-4B69-8E42-CCC2B6E6D911}.Release|x64.Build.0 = Release|x64
		{931AAE13-6063-4B69-8E42-CCC2B6E6D911}.Release|x86.ActiveCfg = Release|Win32
		{931AAE13-6063-4B69-8E42-CCC2B6E6D911}.Release|x86.Build.0 = Release|Win32
		{0B6466BC-C858-4F61-B842-7857361BB632}.Debug|x64.ActiveCfg = Debug|x64
		{0B6466BC-C858-4F61-B842-7857361BB632}.Debug|x64.Build.0 = Debug|x64
		{0B6466BC-C858-4F61-B842-7857361BB632}.Debug|x86.ActiveCfg = Debug|Win32
		{0B6466BC-C858-4F61-B842-7857361BB632}.Debug|x86.Build.0 = Debug|Win32
		{0B6466BC-C858-4F61-B842-7857361BB632}.Release|x64.ActiveCfg = Release|x64
		{0B6466BC-C858-4F61-B842-7857361BB632}.Release|x64.Build.0 = Release|x64
		{0B6466BC-C858-4F61-B842-7857361BB632}.Release|x86.ActiveCfg = Release|Win32
		{0B6466BC-C858-4F61-B842-7857361BB632}.Release|x86.Build.0 = Release|Win32
	EndGlobalSection
	GlobalSection(SolutionProperties) = preSolution
		HideSolutionNode = FALSE
	EndGlobalSection
	GlobalSection(ExtensibilityGlobals) = postSolution
		SolutionGuid = {9633116B-8CAA-46C0-8AE7-63ACFAC30668}
	EndGlobalSection
EndGlobal
